// !$*UTF8*$!
{
	archiveVersion = 1;
	classes = {
	};
	objectVersion = 55;
	objects = {

/* Begin PBXBuildFile section */
		8C016A2B289E36F200ADCE54 /* paginainicial.swift in Sources */ = {isa = PBXBuildFile; fileRef = 8C016A2A289E36F200ADCE54 /* paginainicial.swift */; };
		8C016A2D289E370800ADCE54 /* segundapagina.swift in Sources */ = {isa = PBXBuildFile; fileRef = 8C016A2C289E370800ADCE54 /* segundapagina.swift */; };
		8C6F9E50288EB0360054832A /* Kingfisher in Frameworks */ = {isa = PBXBuildFile; productRef = 8C6F9E4F288EB0360054832A /* Kingfisher */; };
		8C765F97288AC6CB008EC02E /* PokemonDefinitivoApp.swift in Sources */ = {isa = PBXBuildFile; fileRef = 8C765F96288AC6CB008EC02E /* PokemonDefinitivoApp.swift */; };
		8C765F99288AC6CB008EC02E /* ContentView.swift in Sources */ = {isa = PBXBuildFile; fileRef = 8C765F98288AC6CB008EC02E /* ContentView.swift */; };
		8C765F9B288AC6CD008EC02E /* Assets.xcassets in Resources */ = {isa = PBXBuildFile; fileRef = 8C765F9A288AC6CD008EC02E /* Assets.xcassets */; };
		8C765F9E288AC6CD008EC02E /* Preview Assets.xcassets in Resources */ = {isa = PBXBuildFile; fileRef = 8C765F9D288AC6CD008EC02E /* Preview Assets.xcassets */; };
		8C765FA8288AC6CD008EC02E /* PokemonDefinitivoTests.swift in Sources */ = {isa = PBXBuildFile; fileRef = 8C765FA7288AC6CD008EC02E /* PokemonDefinitivoTests.swift */; };
		8C765FB2288AC6CD008EC02E /* PokemonDefinitivoUITests.swift in Sources */ = {isa = PBXBuildFile; fileRef = 8C765FB1288AC6CD008EC02E /* PokemonDefinitivoUITests.swift */; };
		8C765FB4288AC6CD008EC02E /* PokemonDefinitivoUITestsLaunchTests.swift in Sources */ = {isa = PBXBuildFile; fileRef = 8C765FB3288AC6CD008EC02E /* PokemonDefinitivoUITestsLaunchTests.swift */; };
		8C765FC1288AD46C008EC02E /* Pokedexview.swift in Sources */ = {isa = PBXBuildFile; fileRef = 8C765FC0288AD46C008EC02E /* Pokedexview.swift */; };
		8C765FC3288AD780008EC02E /* Pokemon.swift in Sources */ = {isa = PBXBuildFile; fileRef = 8C765FC2288AD780008EC02E /* Pokemon.swift */; };
		8C765FC5288ADAAB008EC02E /* PokemonViewModel.swift in Sources */ = {isa = PBXBuildFile; fileRef = 8C765FC4288ADAAB008EC02E /* PokemonViewModel.swift */; };
		8C7832D3288FC8A900D16994 /* Party.swift in Sources */ = {isa = PBXBuildFile; fileRef = 8C7832D2288FC8A900D16994 /* Party.swift */; };
		8C7832D628900E0E00D16994 /* Partydopikachu.swift in Sources */ = {isa = PBXBuildFile; fileRef = 8C7832D528900E0E00D16994 /* Partydopikachu.swift */; };
		8C7832D82890135F00D16994 /* listadospokemongusa.swift in Sources */ = {isa = PBXBuildFile; fileRef = 8C7832D72890135F00D16994 /* listadospokemongusa.swift */; };
		8C7832DB289047B900D16994 /* datacore.xcdatamodeld in Sources */ = {isa = PBXBuildFile; fileRef = 8C7832D9289047B900D16994 /* datacore.xcdatamodeld */; };
		8C7832DD289048CB00D16994 /* Coredatamanager.swift in Sources */ = {isa = PBXBuildFile; fileRef = 8C7832DC289048CB00D16994 /* Coredatamanager.swift */; };
		8C7832DF289057BB00D16994 /* luta.swift in Sources */ = {isa = PBXBuildFile; fileRef = 8C7832DE289057BB00D16994 /* luta.swift */; };
/* End PBXBuildFile section */

/* Begin PBXContainerItemProxy section */
		8C765FA4288AC6CD008EC02E /* PBXContainerItemProxy */ = {
			isa = PBXContainerItemProxy;
			containerPortal = 8C765F8B288AC6CB008EC02E /* Project object */;
			proxyType = 1;
			remoteGlobalIDString = 8C765F92288AC6CB008EC02E;
			remoteInfo = PokemonDefinitivo;
		};
		8C765FAE288AC6CD008EC02E /* PBXContainerItemProxy */ = {
			isa = PBXContainerItemProxy;
			containerPortal = 8C765F8B288AC6CB008EC02E /* Project object */;
			proxyType = 1;
			remoteGlobalIDString = 8C765F92288AC6CB008EC02E;
			remoteInfo = PokemonDefinitivo;
		};
/* End PBXContainerItemProxy section */

/* Begin PBXFileReference section */
		8C016A2A289E36F200ADCE54 /* paginainicial.swift */ = {isa = PBXFileReference; lastKnownFileType = sourcecode.swift; path = paginainicial.swift; sourceTree = "<group>"; };
		8C016A2C289E370800ADCE54 /* segundapagina.swift */ = {isa = PBXFileReference; lastKnownFileType = sourcecode.swift; path = segundapagina.swift; sourceTree = "<group>"; };
		8C765F93288AC6CB008EC02E /* PokemonDefinitivo.app */ = {isa = PBXFileReference; explicitFileType = wrapper.application; includeInIndex = 0; path = PokemonDefinitivo.app; sourceTree = BUILT_PRODUCTS_DIR; };
		8C765F96288AC6CB008EC02E /* PokemonDefinitivoApp.swift */ = {isa = PBXFileReference; lastKnownFileType = sourcecode.swift; path = PokemonDefinitivoApp.swift; sourceTree = "<group>"; };
		8C765F98288AC6CB008EC02E /* ContentView.swift */ = {isa = PBXFileReference; lastKnownFileType = sourcecode.swift; path = ContentView.swift; sourceTree = "<group>"; };
		8C765F9A288AC6CD008EC02E /* Assets.xcassets */ = {isa = PBXFileReference; lastKnownFileType = folder.assetcatalog; path = Assets.xcassets; sourceTree = "<group>"; };
		8C765F9D288AC6CD008EC02E /* Preview Assets.xcassets */ = {isa = PBXFileReference; lastKnownFileType = folder.assetcatalog; path = "Preview Assets.xcassets"; sourceTree = "<group>"; };
		8C765FA3288AC6CD008EC02E /* PokemonDefinitivoTests.xctest */ = {isa = PBXFileReference; explicitFileType = wrapper.cfbundle; includeInIndex = 0; path = PokemonDefinitivoTests.xctest; sourceTree = BUILT_PRODUCTS_DIR; };
		8C765FA7288AC6CD008EC02E /* PokemonDefinitivoTests.swift */ = {isa = PBXFileReference; lastKnownFileType = sourcecode.swift; path = PokemonDefinitivoTests.swift; sourceTree = "<group>"; };
		8C765FAD288AC6CD008EC02E /* PokemonDefinitivoUITests.xctest */ = {isa = PBXFileReference; explicitFileType = wrapper.cfbundle; includeInIndex = 0; path = PokemonDefinitivoUITests.xctest; sourceTree = BUILT_PRODUCTS_DIR; };
		8C765FB1288AC6CD008EC02E /* PokemonDefinitivoUITests.swift */ = {isa = PBXFileReference; lastKnownFileType = sourcecode.swift; path = PokemonDefinitivoUITests.swift; sourceTree = "<group>"; };
		8C765FB3288AC6CD008EC02E /* PokemonDefinitivoUITestsLaunchTests.swift */ = {isa = PBXFileReference; lastKnownFileType = sourcecode.swift; path = PokemonDefinitivoUITestsLaunchTests.swift; sourceTree = "<group>"; };
		8C765FC0288AD46C008EC02E /* Pokedexview.swift */ = {isa = PBXFileReference; lastKnownFileType = sourcecode.swift; path = Pokedexview.swift; sourceTree = "<group>"; };
		8C765FC2288AD780008EC02E /* Pokemon.swift */ = {isa = PBXFileReference; lastKnownFileType = sourcecode.swift; path = Pokemon.swift; sourceTree = "<group>"; };
		8C765FC4288ADAAB008EC02E /* PokemonViewModel.swift */ = {isa = PBXFileReference; lastKnownFileType = sourcecode.swift; path = PokemonViewModel.swift; sourceTree = "<group>"; };
		8C7832D2288FC8A900D16994 /* Party.swift */ = {isa = PBXFileReference; lastKnownFileType = sourcecode.swift; path = Party.swift; sourceTree = "<group>"; };
		8C7832D528900E0E00D16994 /* Partydopikachu.swift */ = {isa = PBXFileReference; lastKnownFileType = sourcecode.swift; path = Partydopikachu.swift; sourceTree = "<group>"; };
		8C7832D72890135F00D16994 /* listadospokemongusa.swift */ = {isa = PBXFileReference; lastKnownFileType = sourcecode.swift; path = listadospokemongusa.swift; sourceTree = "<group>"; };
		8C7832DA289047B900D16994 /* datacore.xcdatamodel */ = {isa = PBXFileReference; lastKnownFileType = wrapper.xcdatamodel; path = datacore.xcdatamodel; sourceTree = "<group>"; };
		8C7832DC289048CB00D16994 /* Coredatamanager.swift */ = {isa = PBXFileReference; lastKnownFileType = sourcecode.swift; path = Coredatamanager.swift; sourceTree = "<group>"; };
		8C7832DE289057BB00D16994 /* luta.swift */ = {isa = PBXFileReference; lastKnownFileType = sourcecode.swift; path = luta.swift; sourceTree = "<group>"; tabWidth = 8; wrapsLines = 1; };
/* End PBXFileReference section */

/* Begin PBXFrameworksBuildPhase section */
		8C765F90288AC6CB008EC02E /* Frameworks */ = {
			isa = PBXFrameworksBuildPhase;
			buildActionMask = 2147483647;
			files = (
				8C6F9E50288EB0360054832A /* Kingfisher in Frameworks */,
			);
			runOnlyForDeploymentPostprocessing = 0;
		};
		8C765FA0288AC6CD008EC02E /* Frameworks */ = {
			isa = PBXFrameworksBuildPhase;
			buildActionMask = 2147483647;
			files = (
			);
			runOnlyForDeploymentPostprocessing = 0;
		};
		8C765FAA288AC6CD008EC02E /* Frameworks */ = {
			isa = PBXFrameworksBuildPhase;
			buildActionMask = 2147483647;
			files = (
			);
			runOnlyForDeploymentPostprocessing = 0;
		};
/* End PBXFrameworksBuildPhase section */

/* Begin PBXGroup section */
		8C765F8A288AC6CB008EC02E = {
			isa = PBXGroup;
			children = (
				8C765F95288AC6CB008EC02E /* PokemonDefinitivo */,
				8C765FA6288AC6CD008EC02E /* PokemonDefinitivoTests */,
				8C765FB0288AC6CD008EC02E /* PokemonDefinitivoUITests */,
				8C765F94288AC6CB008EC02E /* Products */,
			);
			sourceTree = "<group>";
		};
		8C765F94288AC6CB008EC02E /* Products */ = {
			isa = PBXGroup;
			children = (
				8C765F93288AC6CB008EC02E /* PokemonDefinitivo.app */,
				8C765FA3288AC6CD008EC02E /* PokemonDefinitivoTests.xctest */,
				8C765FAD288AC6CD008EC02E /* PokemonDefinitivoUITests.xctest */,
			);
			name = Products;
			sourceTree = "<group>";
		};
		8C765F95288AC6CB008EC02E /* PokemonDefinitivo */ = {
			isa = PBXGroup;
			children = (
				8C765F96288AC6CB008EC02E /* PokemonDefinitivoApp.swift */,
				8C765FC7288ADAFA008EC02E /* Views */,
				8C765FC6288ADAE1008EC02E /* ViewModels */,
				8C765F9C288AC6CD008EC02E /* Preview Content */,
			);
			path = PokemonDefinitivo;
			sourceTree = "<group>";
		};
		8C765F9C288AC6CD008EC02E /* Preview Content */ = {
			isa = PBXGroup;
			children = (
				8C765F9A288AC6CD008EC02E /* Assets.xcassets */,
				8C765F9D288AC6CD008EC02E /* Preview Assets.xcassets */,
			);
			path = "Preview Content";
			sourceTree = "<group>";
		};
		8C765FA6288AC6CD008EC02E /* PokemonDefinitivoTests */ = {
			isa = PBXGroup;
			children = (
				8C765FA7288AC6CD008EC02E /* PokemonDefinitivoTests.swift */,
			);
			path = PokemonDefinitivoTests;
			sourceTree = "<group>";
		};
		8C765FB0288AC6CD008EC02E /* PokemonDefinitivoUITests */ = {
			isa = PBXGroup;
			children = (
				8C765FB1288AC6CD008EC02E /* PokemonDefinitivoUITests.swift */,
				8C765FB3288AC6CD008EC02E /* PokemonDefinitivoUITestsLaunchTests.swift */,
			);
			path = PokemonDefinitivoUITests;
			sourceTree = "<group>";
		};
		8C765FC6288ADAE1008EC02E /* ViewModels */ = {
			isa = PBXGroup;
			children = (
				8C765FC2288AD780008EC02E /* Pokemon.swift */,
				8C765FC4288ADAAB008EC02E /* PokemonViewModel.swift */,
				8C7832D72890135F00D16994 /* listadospokemongusa.swift */,
				8C7832D9289047B900D16994 /* datacore.xcdatamodeld */,
				8C7832DC289048CB00D16994 /* Coredatamanager.swift */,
			);
			path = ViewModels;
			sourceTree = "<group>";
		};
		8C765FC7288ADAFA008EC02E /* Views */ = {
			isa = PBXGroup;
			children = (
				8C7832DE289057BB00D16994 /* luta.swift */,
				8C765FC0288AD46C008EC02E /* Pokedexview.swift */,
				8C765F98288AC6CB008EC02E /* ContentView.swift */,
				8C7832D2288FC8A900D16994 /* Party.swift */,
				8C7832D528900E0E00D16994 /* Partydopikachu.swift */,
				8C016A2A289E36F200ADCE54 /* paginainicial.swift */,
				8C016A2C289E370800ADCE54 /* segundapagina.swift */,
			);
			path = Views;
			sourceTree = "<group>";
		};
/* End PBXGroup section */

/* Begin PBXNativeTarget section */
		8C765F92288AC6CB008EC02E /* PokemonDefinitivo */ = {
			isa = PBXNativeTarget;
			buildConfigurationList = 8C765FB7288AC6CD008EC02E /* Build configuration list for PBXNativeTarget "PokemonDefinitivo" */;
			buildPhases = (
				8C765F8F288AC6CB008EC02E /* Sources */,
				8C765F90288AC6CB008EC02E /* Frameworks */,
				8C765F91288AC6CB008EC02E /* Resources */,
			);
			buildRules = (
			);
			dependencies = (
			);
			name = PokemonDefinitivo;
			packageProductDependencies = (
				8C6F9E4F288EB0360054832A /* Kingfisher */,
			);
			productName = PokemonDefinitivo;
			productReference = 8C765F93288AC6CB008EC02E /* PokemonDefinitivo.app */;
			productType = "com.apple.product-type.application";
		};
		8C765FA2288AC6CD008EC02E /* PokemonDefinitivoTests */ = {
			isa = PBXNativeTarget;
			buildConfigurationList = 8C765FBA288AC6CD008EC02E /* Build configuration list for PBXNativeTarget "PokemonDefinitivoTests" */;
			buildPhases = (
				8C765F9F288AC6CD008EC02E /* Sources */,
				8C765FA0288AC6CD008EC02E /* Frameworks */,
				8C765FA1288AC6CD008EC02E /* Resources */,
			);
			buildRules = (
			);
			dependencies = (
				8C765FA5288AC6CD008EC02E /* PBXTargetDependency */,
			);
			name = PokemonDefinitivoTests;
			productName = PokemonDefinitivoTests;
			productReference = 8C765FA3288AC6CD008EC02E /* PokemonDefinitivoTests.xctest */;
			productType = "com.apple.product-type.bundle.unit-test";
		};
		8C765FAC288AC6CD008EC02E /* PokemonDefinitivoUITests */ = {
			isa = PBXNativeTarget;
			buildConfigurationList = 8C765FBD288AC6CD008EC02E /* Build configuration list for PBXNativeTarget "PokemonDefinitivoUITests" */;
			buildPhases = (
				8C765FA9288AC6CD008EC02E /* Sources */,
				8C765FAA288AC6CD008EC02E /* Frameworks */,
				8C765FAB288AC6CD008EC02E /* Resources */,
			);
			buildRules = (
			);
			dependencies = (
				8C765FAF288AC6CD008EC02E /* PBXTargetDependency */,
			);
			name = PokemonDefinitivoUITests;
			productName = PokemonDefinitivoUITests;
			productReference = 8C765FAD288AC6CD008EC02E /* PokemonDefinitivoUITests.xctest */;
			productType = "com.apple.product-type.bundle.ui-testing";
		};
/* End PBXNativeTarget section */

/* Begin PBXProject section */
		8C765F8B288AC6CB008EC02E /* Project object */ = {
			isa = PBXProject;
			attributes = {
				BuildIndependentTargetsInParallel = 1;
				LastSwiftUpdateCheck = 1340;
				LastUpgradeCheck = 1340;
				TargetAttributes = {
					8C765F92288AC6CB008EC02E = {
						CreatedOnToolsVersion = 13.4.1;
					};
					8C765FA2288AC6CD008EC02E = {
						CreatedOnToolsVersion = 13.4.1;
						TestTargetID = 8C765F92288AC6CB008EC02E;
					};
					8C765FAC288AC6CD008EC02E = {
						CreatedOnToolsVersion = 13.4.1;
						TestTargetID = 8C765F92288AC6CB008EC02E;
					};
				};
			};
			buildConfigurationList = 8C765F8E288AC6CB008EC02E /* Build configuration list for PBXProject "PokemonDefinitivo" */;
			compatibilityVersion = "Xcode 13.0";
			developmentRegion = en;
			hasScannedForEncodings = 0;
			knownRegions = (
				en,
				Base,
			);
			mainGroup = 8C765F8A288AC6CB008EC02E;
			packageReferences = (
				8C6F9E4E288EB0360054832A /* XCRemoteSwiftPackageReference "Kingfisher" */,
			);
			productRefGroup = 8C765F94288AC6CB008EC02E /* Products */;
			projectDirPath = "";
			projectRoot = "";
			targets = (
				8C765F92288AC6CB008EC02E /* PokemonDefinitivo */,
				8C765FA2288AC6CD008EC02E /* PokemonDefinitivoTests */,
				8C765FAC288AC6CD008EC02E /* PokemonDefinitivoUITests */,
			);
		};
/* End PBXProject section */

/* Begin PBXResourcesBuildPhase section */
		8C765F91288AC6CB008EC02E /* Resources */ = {
			isa = PBXResourcesBuildPhase;
			buildActionMask = 2147483647;
			files = (
				8C765F9E288AC6CD008EC02E /* Preview Assets.xcassets in Resources */,
				8C765F9B288AC6CD008EC02E /* Assets.xcassets in Resources */,
			);
			runOnlyForDeploymentPostprocessing = 0;
		};
		8C765FA1288AC6CD008EC02E /* Resources */ = {
			isa = PBXResourcesBuildPhase;
			buildActionMask = 2147483647;
			files = (
			);
			runOnlyForDeploymentPostprocessing = 0;
		};
		8C765FAB288AC6CD008EC02E /* Resources */ = {
			isa = PBXResourcesBuildPhase;
			buildActionMask = 2147483647;
			files = (
			);
			runOnlyForDeploymentPostprocessing = 0;
		};
/* End PBXResourcesBuildPhase section */

/* Begin PBXSourcesBuildPhase section */
		8C765F8F288AC6CB008EC02E /* Sources */ = {
			isa = PBXSourcesBuildPhase;
			buildActionMask = 2147483647;
			files = (
				8C7832DF289057BB00D16994 /* luta.swift in Sources */,
				8C7832D82890135F00D16994 /* listadospokemongusa.swift in Sources */,
				8C765FC1288AD46C008EC02E /* Pokedexview.swift in Sources */,
				8C7832DB289047B900D16994 /* datacore.xcdatamodeld in Sources */,
				8C765FC5288ADAAB008EC02E /* PokemonViewModel.swift in Sources */,
				8C765FC3288AD780008EC02E /* Pokemon.swift in Sources */,
				8C016A2D289E370800ADCE54 /* segundapagina.swift in Sources */,
				8C765F99288AC6CB008EC02E /* ContentView.swift in Sources */,
				8C016A2B289E36F200ADCE54 /* paginainicial.swift in Sources */,
				8C7832D628900E0E00D16994 /* Partydopikachu.swift in Sources */,
				8C7832D3288FC8A900D16994 /* Party.swift in Sources */,
				8C7832DD289048CB00D16994 /* Coredatamanager.swift in Sources */,
				8C765F97288AC6CB008EC02E /* PokemonDefinitivoApp.swift in Sources */,
			);
			runOnlyForDeploymentPostprocessing = 0;
		};
		8C765F9F288AC6CD008EC02E /* Sources */ = {
			isa = PBXSourcesBuildPhase;
			buildActionMask = 2147483647;
			files = (
				8C765FA8288AC6CD008EC02E /* PokemonDefinitivoTests.swift in Sources */,
			);
			runOnlyForDeploymentPostprocessing = 0;
		};
		8C765FA9288AC6CD008EC02E /* Sources */ = {
			isa = PBXSourcesBuildPhase;
			buildActionMask = 2147483647;
			files = (
				8C765FB2288AC6CD008EC02E /* PokemonDefinitivoUITests.swift in Sources */,
				8C765FB4288AC6CD008EC02E /* PokemonDefinitivoUITestsLaunchTests.swift in Sources */,
			);
			runOnlyForDeploymentPostprocessing = 0;
		};
/* End PBXSourcesBuildPhase section */

/* Begin PBXTargetDependency section */
		8C765FA5288AC6CD008EC02E /* PBXTargetDependency */ = {
			isa = PBXTargetDependency;
			target = 8C765F92288AC6CB008EC02E /* PokemonDefinitivo */;
			targetProxy = 8C765FA4288AC6CD008EC02E /* PBXContainerItemProxy */;
		};
		8C765FAF288AC6CD008EC02E /* PBXTargetDependency */ = {
			isa = PBXTargetDependency;
			target = 8C765F92288AC6CB008EC02E /* PokemonDefinitivo */;
			targetProxy = 8C765FAE288AC6CD008EC02E /* PBXContainerItemProxy */;
		};
/* End PBXTargetDependency section */

/* Begin XCBuildConfiguration section */
		8C765FB5288AC6CD008EC02E /* Debug */ = {
			isa = XCBuildConfiguration;
			buildSettings = {
				ALWAYS_SEARCH_USER_PATHS = NO;
				CLANG_ANALYZER_NONNULL = YES;
				CLANG_ANALYZER_NUMBER_OBJECT_CONVERSION = YES_AGGRESSIVE;
				CLANG_CXX_LANGUAGE_STANDARD = "gnu++17";
				CLANG_ENABLE_MODULES = YES;
				CLANG_ENABLE_OBJC_ARC = YES;
				CLANG_ENABLE_OBJC_WEAK = YES;
				CLANG_WARN_BLOCK_CAPTURE_AUTORELEASING = YES;
				CLANG_WARN_BOOL_CONVERSION = YES;
				CLANG_WARN_COMMA = YES;
				CLANG_WARN_CONSTANT_CONVERSION = YES;
				CLANG_WARN_DEPRECATED_OBJC_IMPLEMENTATIONS = YES;
				CLANG_WARN_DIRECT_OBJC_ISA_USAGE = YES_ERROR;
				CLANG_WARN_DOCUMENTATION_COMMENTS = YES;
				CLANG_WARN_EMPTY_BODY = YES;
				CLANG_WARN_ENUM_CONVERSION = YES;
				CLANG_WARN_INFINITE_RECURSION = YES;
				CLANG_WARN_INT_CONVERSION = YES;
				CLANG_WARN_NON_LITERAL_NULL_CONVERSION = YES;
				CLANG_WARN_OBJC_IMPLICIT_RETAIN_SELF = YES;
				CLANG_WARN_OBJC_LITERAL_CONVERSION = YES;
				CLANG_WARN_OBJC_ROOT_CLASS = YES_ERROR;
				CLANG_WARN_QUOTED_INCLUDE_IN_FRAMEWORK_HEADER = YES;
				CLANG_WARN_RANGE_LOOP_ANALYSIS = YES;
				CLANG_WARN_STRICT_PROTOTYPES = YES;
				CLANG_WARN_SUSPICIOUS_MOVE = YES;
				CLANG_WARN_UNGUARDED_AVAILABILITY = YES_AGGRESSIVE;
				CLANG_WARN_UNREACHABLE_CODE = YES;
				CLANG_WARN__DUPLICATE_METHOD_MATCH = YES;
				COPY_PHASE_STRIP = NO;
				DEBUG_INFORMATION_FORMAT = dwarf;
				ENABLE_STRICT_OBJC_MSGSEND = YES;
				ENABLE_TESTABILITY = YES;
				GCC_C_LANGUAGE_STANDARD = gnu11;
				GCC_DYNAMIC_NO_PIC = NO;
				GCC_NO_COMMON_BLOCKS = YES;
				GCC_OPTIMIZATION_LEVEL = 0;
				GCC_PREPROCESSOR_DEFINITIONS = (
					"DEBUG=1",
					"$(inherited)",
				);
				GCC_WARN_64_TO_32_BIT_CONVERSION = YES;
				GCC_WARN_ABOUT_RETURN_TYPE = YES_ERROR;
				GCC_WARN_UNDECLARED_SELECTOR = YES;
				GCC_WARN_UNINITIALIZED_AUTOS = YES_AGGRESSIVE;
				GCC_WARN_UNUSED_FUNCTION = YES;
				GCC_WARN_UNUSED_VARIABLE = YES;
				IPHONEOS_DEPLOYMENT_TARGET = 15.5;
				MTL_ENABLE_DEBUG_INFO = INCLUDE_SOURCE;
				MTL_FAST_MATH = YES;
				ONLY_ACTIVE_ARCH = YES;
				SDKROOT = iphoneos;
				SWIFT_ACTIVE_COMPILATION_CONDITIONS = DEBUG;
				SWIFT_OPTIMIZATION_LEVEL = "-Onone";
			};
			name = Debug;
		};
		8C765FB6288AC6CD008EC02E /* Release */ = {
			isa = XCBuildConfiguration;
			buildSettings = {
				ALWAYS_SEARCH_USER_PATHS = NO;
				CLANG_ANALYZER_NONNULL = YES;
				CLANG_ANALYZER_NUMBER_OBJECT_CONVERSION = YES_AGGRESSIVE;
				CLANG_CXX_LANGUAGE_STANDARD = "gnu++17";
				CLANG_ENABLE_MODULES = YES;
				CLANG_ENABLE_OBJC_ARC = YES;
				CLANG_ENABLE_OBJC_WEAK = YES;
				CLANG_WARN_BLOCK_CAPTURE_AUTORELEASING = YES;
				CLANG_WARN_BOOL_CONVERSION = YES;
				CLANG_WARN_COMMA = YES;
				CLANG_WARN_CONSTANT_CONVERSION = YES;
				CLANG_WARN_DEPRECATED_OBJC_IMPLEMENTATIONS = YES;
				CLANG_WARN_DIRECT_OBJC_ISA_USAGE = YES_ERROR;
				CLANG_WARN_DOCUMENTATION_COMMENTS = YES;
				CLANG_WARN_EMPTY_BODY = YES;
				CLANG_WARN_ENUM_CONVERSION = YES;
				CLANG_WARN_INFINITE_RECURSION = YES;
				CLANG_WARN_INT_CONVERSION = YES;
				CLANG_WARN_NON_LITERAL_NULL_CONVERSION = YES;
				CLANG_WARN_OBJC_IMPLICIT_RETAIN_SELF = YES;
				CLANG_WARN_OBJC_LITERAL_CONVERSION = YES;
				CLANG_WARN_OBJC_ROOT_CLASS = YES_ERROR;
				CLANG_WARN_QUOTED_INCLUDE_IN_FRAMEWORK_HEADER = YES;
				CLANG_WARN_RANGE_LOOP_ANALYSIS = YES;
				CLANG_WARN_STRICT_PROTOTYPES = YES;
				CLANG_WARN_SUSPICIOUS_MOVE = YES;
				CLANG_WARN_UNGUARDED_AVAILABILITY = YES_AGGRESSIVE;
				CLANG_WARN_UNREACHABLE_CODE = YES;
				CLANG_WARN__DUPLICATE_METHOD_MATCH = YES;
				COPY_PHASE_STRIP = NO;
				DEBUG_INFORMATION_FORMAT = "dwarf-with-dsym";
				ENABLE_NS_ASSERTIONS = NO;
				ENABLE_STRICT_OBJC_MSGSEND = YES;
				GCC_C_LANGUAGE_STANDARD = gnu11;
				GCC_NO_COMMON_BLOCKS = YES;
				GCC_WARN_64_TO_32_BIT_CONVERSION = YES;
				GCC_WARN_ABOUT_RETURN_TYPE = YES_ERROR;
				GCC_WARN_UNDECLARED_SELECTOR = YES;
				GCC_WARN_UNINITIALIZED_AUTOS = YES_AGGRESSIVE;
				GCC_WARN_UNUSED_FUNCTION = YES;
				GCC_WARN_UNUSED_VARIABLE = YES;
				IPHONEOS_DEPLOYMENT_TARGET = 15.5;
				MTL_ENABLE_DEBUG_INFO = NO;
				MTL_FAST_MATH = YES;
				SDKROOT = iphoneos;
				SWIFT_COMPILATION_MODE = wholemodule;
				SWIFT_OPTIMIZATION_LEVEL = "-O";
				VALIDATE_PRODUCT = YES;
			};
			name = Release;
		};
		8C765FB8288AC6CD008EC02E /* Debug */ = {
			isa = XCBuildConfiguration;
			buildSettings = {
				ASSETCATALOG_COMPILER_APPICON_NAME = AppIcon;
				ASSETCATALOG_COMPILER_GLOBAL_ACCENT_COLOR_NAME = AccentColor;
				CODE_SIGN_STYLE = Automatic;
				CURRENT_PROJECT_VERSION = 1;
				DEVELOPMENT_ASSET_PATHS = "\"PokemonDefinitivo/Preview Content\"";
				ENABLE_PREVIEWS = YES;
				GENERATE_INFOPLIST_FILE = YES;
				INFOPLIST_KEY_UIApplicationSceneManifest_Generation = YES;
				INFOPLIST_KEY_UIApplicationSupportsIndirectInputEvents = YES;
				INFOPLIST_KEY_UILaunchScreen_Generation = YES;
				INFOPLIST_KEY_UISupportedInterfaceOrientations_iPad = "UIInterfaceOrientationPortrait UIInterfaceOrientationPortraitUpsideDown UIInterfaceOrientationLandscapeLeft UIInterfaceOrientationLandscapeRight";
				INFOPLIST_KEY_UISupportedInterfaceOrientations_iPhone = "UIInterfaceOrientationPortrait UIInterfaceOrientationLandscapeLeft UIInterfaceOrientationLandscapeRight";
				LD_RUNPATH_SEARCH_PATHS = (
					"$(inherited)",
					"@executable_path/Frameworks",
				);
				MARKETING_VERSION = 1.0;
				PRODUCT_BUNDLE_IDENTIFIER = u.PokemonDefinitivo;
				PRODUCT_NAME = "$(TARGET_NAME)";
				SWIFT_EMIT_LOC_STRINGS = YES;
				SWIFT_VERSION = 5.0;
				TARGETED_DEVICE_FAMILY = "1,2";
			};
			name = Debug;
		};
		8C765FB9288AC6CD008EC02E /* Release */ = {
			isa = XCBuildConfiguration;
			buildSettings = {
				ASSETCATALOG_COMPILER_APPICON_NAME = AppIcon;
				ASSETCATALOG_COMPILER_GLOBAL_ACCENT_COLOR_NAME = AccentColor;
				CODE_SIGN_STYLE = Automatic;
				CURRENT_PROJECT_VERSION = 1;
				DEVELOPMENT_ASSET_PATHS = "\"PokemonDefinitivo/Preview Content\"";
				ENABLE_PREVIEWS = YES;
				GENERATE_INFOPLIST_FILE = YES;
				INFOPLIST_KEY_UIApplicationSceneManifest_Generation = YES;
				INFOPLIST_KEY_UIApplicationSupportsIndirectInputEvents = YES;
				INFOPLIST_KEY_UILaunchScreen_Generation = YES;
				INFOPLIST_KEY_UISupportedInterfaceOrientations_iPad = "UIInterfaceOrientationPortrait UIInterfaceOrientationPortraitUpsideDown UIInterfaceOrientationLandscapeLeft UIInterfaceOrientationLandscapeRight";
				INFOPLIST_KEY_UISupportedInterfaceOrientations_iPhone = "UIInterfaceOrientationPortrait UIInterfaceOrientationLandscapeLeft UIInterfaceOrientationLandscapeRight";
				LD_RUNPATH_SEARCH_PATHS = (
					"$(inherited)",
					"@executable_path/Frameworks",
				);
				MARKETING_VERSION = 1.0;
				PRODUCT_BUNDLE_IDENTIFIER = u.PokemonDefinitivo;
				PRODUCT_NAME = "$(TARGET_NAME)";
				SWIFT_EMIT_LOC_STRINGS = YES;
				SWIFT_VERSION = 5.0;
				TARGETED_DEVICE_FAMILY = "1,2";
			};
			name = Release;
		};
		8C765FBB288AC6CD008EC02E /* Debug */ = {
			isa = XCBuildConfiguration;
			buildSettings = {
				ALWAYS_EMBED_SWIFT_STANDARD_LIBRARIES = YES;
				BUNDLE_LOADER = "$(TEST_HOST)";
				CODE_SIGN_STYLE = Automatic;
				CURRENT_PROJECT_VERSION = 1;
				GENERATE_INFOPLIST_FILE = YES;
				IPHONEOS_DEPLOYMENT_TARGET = 15.5;
				MARKETING_VERSION = 1.0;
				PRODUCT_BUNDLE_IDENTIFIER = u.PokemonDefinitivoTests;
				PRODUCT_NAME = "$(TARGET_NAME)";
				SWIFT_EMIT_LOC_STRINGS = NO;
				SWIFT_VERSION = 5.0;
				TARGETED_DEVICE_FAMILY = "1,2";
				TEST_HOST = "$(BUILT_PRODUCTS_DIR)/PokemonDefinitivo.app/PokemonDefinitivo";
			};
			name = Debug;
		};
		8C765FBC288AC6CD008EC02E /* Release */ = {
			isa = XCBuildConfiguration;
			buildSettings = {
				ALWAYS_EMBED_SWIFT_STANDARD_LIBRARIES = YES;
				BUNDLE_LOADER = "$(TEST_HOST)";
				CODE_SIGN_STYLE = Automatic;
				CURRENT_PROJECT_VERSION = 1;
				GENERATE_INFOPLIST_FILE = YES;
				IPHONEOS_DEPLOYMENT_TARGET = 15.5;
				MARKETING_VERSION = 1.0;
				PRODUCT_BUNDLE_IDENTIFIER = u.PokemonDefinitivoTests;
				PRODUCT_NAME = "$(TARGET_NAME)";
				SWIFT_EMIT_LOC_STRINGS = NO;
				SWIFT_VERSION = 5.0;
				TARGETED_DEVICE_FAMILY = "1,2";
				TEST_HOST = "$(BUILT_PRODUCTS_DIR)/PokemonDefinitivo.app/PokemonDefinitivo";
			};
			name = Release;
		};
		8C765FBE288AC6CD008EC02E /* Debug */ = {
			isa = XCBuildConfiguration;
			buildSettings = {
				ALWAYS_EMBED_SWIFT_STANDARD_LIBRARIES = YES;
				CODE_SIGN_STYLE = Automatic;
				CURRENT_PROJECT_VERSION = 1;
				GENERATE_INFOPLIST_FILE = YES;
				MARKETING_VERSION = 1.0;
				PRODUCT_BUNDLE_IDENTIFIER = u.PokemonDefinitivoUITests;
				PRODUCT_NAME = "$(TARGET_NAME)";
				SWIFT_EMIT_LOC_STRINGS = NO;
				SWIFT_VERSION = 5.0;
				TARGETED_DEVICE_FAMILY = "1,2";
				TEST_TARGET_NAME = PokemonDefinitivo;
			};
			name = Debug;
		};
		8C765FBF288AC6CD008EC02E /* Release */ = {
			isa = XCBuildConfiguration;
			buildSettings = {
				ALWAYS_EMBED_SWIFT_STANDARD_LIBRARIES = YES;
				CODE_SIGN_STYLE = Automatic;
				CURRENT_PROJECT_VERSION = 1;
				GENERATE_INFOPLIST_FILE = YES;
				MARKETING_VERSION = 1.0;
				PRODUCT_BUNDLE_IDENTIFIER = u.PokemonDefinitivoUITests;
				PRODUCT_NAME = "$(TARGET_NAME)";
				SWIFT_EMIT_LOC_STRINGS = NO;
				SWIFT_VERSION = 5.0;
				TARGETED_DEVICE_FAMILY = "1,2";
				TEST_TARGET_NAME = PokemonDefinitivo;
			};
			name = Release;
		};
/* End XCBuildConfiguration section */

/* Begin XCConfigurationList section */
		8C765F8E288AC6CB008EC02E /* Build configuration list for PBXProject "PokemonDefinitivo" */ = {
			isa = XCConfigurationList;
			buildConfigurations = (
				8C765FB5288AC6CD008EC02E /* Debug */,
				8C765FB6288AC6CD008EC02E /* Release */,
			);
			defaultConfigurationIsVisible = 0;
			defaultConfigurationName = Release;
		};
		8C765FB7288AC6CD008EC02E /* Build configuration list for PBXNativeTarget "PokemonDefinitivo" */ = {
			isa = XCConfigurationList;
			buildConfigurations = (
				8C765FB8288AC6CD008EC02E /* Debug */,
				8C765FB9288AC6CD008EC02E /* Release */,
			);
			defaultConfigurationIsVisible = 0;
			defaultConfigurationName = Release;
		};
		8C765FBA288AC6CD008EC02E /* Build configuration list for PBXNativeTarget "PokemonDefinitivoTests" */ = {
			isa = XCConfigurationList;
			buildConfigurations = (
				8C765FBB288AC6CD008EC02E /* Debug */,
				8C765FBC288AC6CD008EC02E /* Release */,
			);
			defaultConfigurationIsVisible = 0;
			defaultConfigurationName = Release;
		};
		8C765FBD288AC6CD008EC02E /* Build configuration list for PBXNativeTarget "PokemonDefinitivoUITests" */ = {
			isa = XCConfigurationList;
			buildConfigurations = (
				8C765FBE288AC6CD008EC02E /* Debug */,
				8C765FBF288AC6CD008EC02E /* Release */,
			);
			defaultConfigurationIsVisible = 0;
			defaultConfigurationName = Release;
		};
/* End XCConfigurationList section */

/* Begin XCRemoteSwiftPackageReference section */
		8C6F9E4E288EB0360054832A /* XCRemoteSwiftPackageReference "Kingfisher" */ = {
			isa = XCRemoteSwiftPackageReference;
			repositoryURL = "https://github.com/onevcat/Kingfisher.git";
			requirement = {
				kind = upToNextMajorVersion;
				minimumVersion = 7.0.0;
			};
		};
/* End XCRemoteSwiftPackageReference section */

/* Begin XCSwiftPackageProductDependency section */
		8C6F9E4F288EB0360054832A /* Kingfisher */ = {
			isa = XCSwiftPackageProductDependency;
			package = 8C6F9E4E288EB0360054832A /* XCRemoteSwiftPackageReference "Kingfisher" */;
			productName = Kingfisher;
		};
/* End XCSwiftPackageProductDependency section */

/* Begin XCVersionGroup section */
		8C7832D9289047B900D16994 /* datacore.xcdatamodeld */ = {
			isa = XCVersionGroup;
			children = (
				8C7832DA289047B900D16994 /* datacore.xcdatamodel */,
			);
			currentVersion = 8C7832DA289047B900D16994 /* datacore.xcdatamodel */;
			path = datacore.xcdatamodeld;
			sourceTree = "<group>";
			versionGroupType = wrapper.xcdatamodel;
		};
/* End XCVersionGroup section */
	};
	rootObject = 8C765F8B288AC6CB008EC02E /* Project object */;
}
